// !$*UTF8*$!
{
	archiveVersion = 1;
	classes = {
	};
	objectVersion = 52;
	objects = {

/* Begin PBXBuildFile section */
		5C1B864A23F98622003E7424 /* NetworkingHelper.swift in Sources */ = {isa = PBXBuildFile; fileRef = 5C1B864923F98622003E7424 /* NetworkingHelper.swift */; };
		5C1B864C23F9D298003E7424 /* RestCountriesUnitTests.swift in Sources */ = {isa = PBXBuildFile; fileRef = 5C1B864B23F9D298003E7424 /* RestCountriesUnitTests.swift */; };
		5C36C5FF24018195002705A4 /* LoadingView.swift in Sources */ = {isa = PBXBuildFile; fileRef = 5C36C5FE24018195002705A4 /* LoadingView.swift */; };
		5C69E48223F9D70100363E1A /* oneCountry.json in Resources */ = {isa = PBXBuildFile; fileRef = 5C69E48123F9D70000363E1A /* oneCountry.json */; };
		5C69E48423F9D83300363E1A /* CountryTests.swift in Sources */ = {isa = PBXBuildFile; fileRef = 5C69E48323F9D83300363E1A /* CountryTests.swift */; };
		5C92E2A523FC775200844F26 /* CountryFlagsApi.swift in Sources */ = {isa = PBXBuildFile; fileRef = 5C92E2A423FC775200844F26 /* CountryFlagsApi.swift */; };
		5C92E2A723FC797500844F26 /* FlagsNetworker.swift in Sources */ = {isa = PBXBuildFile; fileRef = 5C92E2A623FC797500844F26 /* FlagsNetworker.swift */; };
		5C92E2A923FC7C4B00844F26 /* FlagsRepository.swift in Sources */ = {isa = PBXBuildFile; fileRef = 5C92E2A823FC7C4B00844F26 /* FlagsRepository.swift */; };
		5C92E2AB23FC7C8400844F26 /* FlagsWebRepository.swift in Sources */ = {isa = PBXBuildFile; fileRef = 5C92E2AA23FC7C8400844F26 /* FlagsWebRepository.swift */; };
		5C92E2AD23FF21D300844F26 /* FlagImage.swift in Sources */ = {isa = PBXBuildFile; fileRef = 5C92E2AC23FF21D300844F26 /* FlagImage.swift */; };
		5C92E2AF240086A500844F26 /* CountryFlagsUnitTests.swift in Sources */ = {isa = PBXBuildFile; fileRef = 5C92E2AE240086A500844F26 /* CountryFlagsUnitTests.swift */; };
		5CA619D2240702870028A5EA /* AnyTransition.swift in Sources */ = {isa = PBXBuildFile; fileRef = 5CA619D1240702870028A5EA /* AnyTransition.swift */; };
		5CA619D52408574D0028A5EA /* StateMachine.swift in Sources */ = {isa = PBXBuildFile; fileRef = 5CA619D42408574D0028A5EA /* StateMachine.swift */; };
		5CA619D724085A0D0028A5EA /* ErrorView.swift in Sources */ = {isa = PBXBuildFile; fileRef = 5CA619D624085A0D0028A5EA /* ErrorView.swift */; };
		5CA619EF240AC6330028A5EA /* Realm in Frameworks */ = {isa = PBXBuildFile; productRef = 5CA619EE240AC6330028A5EA /* Realm */; };
		5CA619F1240AC6330028A5EA /* RealmSwift in Frameworks */ = {isa = PBXBuildFile; productRef = 5CA619F0240AC6330028A5EA /* RealmSwift */; };
		5CFE95BE23F00FCF00D398FF /* AppDelegate.swift in Sources */ = {isa = PBXBuildFile; fileRef = 5CFE95BD23F00FCF00D398FF /* AppDelegate.swift */; };
		5CFE95C023F00FCF00D398FF /* SceneDelegate.swift in Sources */ = {isa = PBXBuildFile; fileRef = 5CFE95BF23F00FCF00D398FF /* SceneDelegate.swift */; };
		5CFE95C223F00FCF00D398FF /* CountryListView.swift in Sources */ = {isa = PBXBuildFile; fileRef = 5CFE95C123F00FCF00D398FF /* CountryListView.swift */; };
		5CFE95C423F00FD200D398FF /* Assets.xcassets in Resources */ = {isa = PBXBuildFile; fileRef = 5CFE95C323F00FD200D398FF /* Assets.xcassets */; };
		5CFE95C723F00FD200D398FF /* Preview Assets.xcassets in Resources */ = {isa = PBXBuildFile; fileRef = 5CFE95C623F00FD200D398FF /* Preview Assets.xcassets */; };
		5CFE95CA23F00FD200D398FF /* LaunchScreen.storyboard in Resources */ = {isa = PBXBuildFile; fileRef = 5CFE95C823F00FD200D398FF /* LaunchScreen.storyboard */; };
		5CFE95D623F011A300D398FF /* Country.swift in Sources */ = {isa = PBXBuildFile; fileRef = 5CFE95D523F011A300D398FF /* Country.swift */; };
		5CFE95D823F0125C00D398FF /* CountryListViewModel.swift in Sources */ = {isa = PBXBuildFile; fileRef = 5CFE95D723F0125C00D398FF /* CountryListViewModel.swift */; };
		5CFE95DD23F0134B00D398FF /* CountryListRowView.swift in Sources */ = {isa = PBXBuildFile; fileRef = 5CFE95DC23F0134B00D398FF /* CountryListRowView.swift */; };
		5CFE95DF23F0138C00D398FF /* CountryListRowViewModel.swift in Sources */ = {isa = PBXBuildFile; fileRef = 5CFE95DE23F0138C00D398FF /* CountryListRowViewModel.swift */; };
		5CFE95E923F1FF1700D398FF /* API.swift in Sources */ = {isa = PBXBuildFile; fileRef = 5CFE95E823F1FF1700D398FF /* API.swift */; };
		5CFE95EC23F1FFF400D398FF /* RestCountriesApi.swift in Sources */ = {isa = PBXBuildFile; fileRef = 5CFE95EB23F1FFF400D398FF /* RestCountriesApi.swift */; };
		5CFE95EE23F2016E00D398FF /* Networking.swift in Sources */ = {isa = PBXBuildFile; fileRef = 5CFE95ED23F2016E00D398FF /* Networking.swift */; };
		5CFE95F023F202AA00D398FF /* CountriesNetworker.swift in Sources */ = {isa = PBXBuildFile; fileRef = 5CFE95EF23F202AA00D398FF /* CountriesNetworker.swift */; };
		5CFE95F423F333C700D398FF /* CountriesRepository.swift in Sources */ = {isa = PBXBuildFile; fileRef = 5CFE95F323F333C700D398FF /* CountriesRepository.swift */; };
		5CFE95F623F34CC200D398FF /* CountriesWebRepository.swift in Sources */ = {isa = PBXBuildFile; fileRef = 5CFE95F523F34CC200D398FF /* CountriesWebRepository.swift */; };
		5CFE961923F49D6100D398FF /* URLProtocolMock.swift in Sources */ = {isa = PBXBuildFile; fileRef = 5CFE961823F49D6100D398FF /* URLProtocolMock.swift */; };
		5CFE961D23F4A43400D398FF /* allCountries.json in Resources */ = {isa = PBXBuildFile; fileRef = 5CFE961C23F4A43400D398FF /* allCountries.json */; };
/* End PBXBuildFile section */

/* Begin PBXContainerItemProxy section */
		5CFE961023F49B7300D398FF /* PBXContainerItemProxy */ = {
			isa = PBXContainerItemProxy;
			containerPortal = 5CFE95B223F00FCF00D398FF /* Project object */;
			proxyType = 1;
			remoteGlobalIDString = 5CFE95B923F00FCF00D398FF;
			remoteInfo = Countries;
		};
/* End PBXContainerItemProxy section */

/* Begin PBXFileReference section */
		5C1B864923F98622003E7424 /* NetworkingHelper.swift */ = {isa = PBXFileReference; lastKnownFileType = sourcecode.swift; path = NetworkingHelper.swift; sourceTree = "<group>"; };
		5C1B864B23F9D298003E7424 /* RestCountriesUnitTests.swift */ = {isa = PBXFileReference; lastKnownFileType = sourcecode.swift; path = RestCountriesUnitTests.swift; sourceTree = "<group>"; };
		5C36C5FE24018195002705A4 /* LoadingView.swift */ = {isa = PBXFileReference; lastKnownFileType = sourcecode.swift; path = LoadingView.swift; sourceTree = "<group>"; };
		5C69E48123F9D70000363E1A /* oneCountry.json */ = {isa = PBXFileReference; lastKnownFileType = text.json; path = oneCountry.json; sourceTree = "<group>"; };
		5C69E48323F9D83300363E1A /* CountryTests.swift */ = {isa = PBXFileReference; lastKnownFileType = sourcecode.swift; path = CountryTests.swift; sourceTree = "<group>"; };
		5C92E2A423FC775200844F26 /* CountryFlagsApi.swift */ = {isa = PBXFileReference; lastKnownFileType = sourcecode.swift; path = CountryFlagsApi.swift; sourceTree = "<group>"; };
		5C92E2A623FC797500844F26 /* FlagsNetworker.swift */ = {isa = PBXFileReference; lastKnownFileType = sourcecode.swift; path = FlagsNetworker.swift; sourceTree = "<group>"; };
		5C92E2A823FC7C4B00844F26 /* FlagsRepository.swift */ = {isa = PBXFileReference; lastKnownFileType = sourcecode.swift; path = FlagsRepository.swift; sourceTree = "<group>"; };
		5C92E2AA23FC7C8400844F26 /* FlagsWebRepository.swift */ = {isa = PBXFileReference; lastKnownFileType = sourcecode.swift; path = FlagsWebRepository.swift; sourceTree = "<group>"; };
		5C92E2AC23FF21D300844F26 /* FlagImage.swift */ = {isa = PBXFileReference; lastKnownFileType = sourcecode.swift; path = FlagImage.swift; sourceTree = "<group>"; };
		5C92E2AE240086A500844F26 /* CountryFlagsUnitTests.swift */ = {isa = PBXFileReference; lastKnownFileType = sourcecode.swift; path = CountryFlagsUnitTests.swift; sourceTree = "<group>"; };
		5CA619D1240702870028A5EA /* AnyTransition.swift */ = {isa = PBXFileReference; lastKnownFileType = sourcecode.swift; path = AnyTransition.swift; sourceTree = "<group>"; };
		5CA619D42408574D0028A5EA /* StateMachine.swift */ = {isa = PBXFileReference; lastKnownFileType = sourcecode.swift; path = StateMachine.swift; sourceTree = "<group>"; };
		5CA619D624085A0D0028A5EA /* ErrorView.swift */ = {isa = PBXFileReference; lastKnownFileType = sourcecode.swift; path = ErrorView.swift; sourceTree = "<group>"; };
		5CFE95BA23F00FCF00D398FF /* Countries.app */ = {isa = PBXFileReference; explicitFileType = wrapper.application; includeInIndex = 0; path = Countries.app; sourceTree = BUILT_PRODUCTS_DIR; };
		5CFE95BD23F00FCF00D398FF /* AppDelegate.swift */ = {isa = PBXFileReference; lastKnownFileType = sourcecode.swift; path = AppDelegate.swift; sourceTree = "<group>"; };
		5CFE95BF23F00FCF00D398FF /* SceneDelegate.swift */ = {isa = PBXFileReference; lastKnownFileType = sourcecode.swift; path = SceneDelegate.swift; sourceTree = "<group>"; };
		5CFE95C123F00FCF00D398FF /* CountryListView.swift */ = {isa = PBXFileReference; lastKnownFileType = sourcecode.swift; path = CountryListView.swift; sourceTree = "<group>"; };
		5CFE95C323F00FD200D398FF /* Assets.xcassets */ = {isa = PBXFileReference; lastKnownFileType = folder.assetcatalog; path = Assets.xcassets; sourceTree = "<group>"; };
		5CFE95C623F00FD200D398FF /* Preview Assets.xcassets */ = {isa = PBXFileReference; lastKnownFileType = folder.assetcatalog; path = "Preview Assets.xcassets"; sourceTree = "<group>"; };
		5CFE95C923F00FD200D398FF /* Base */ = {isa = PBXFileReference; lastKnownFileType = file.storyboard; name = Base; path = Base.lproj/LaunchScreen.storyboard; sourceTree = "<group>"; };
		5CFE95CB23F00FD200D398FF /* Info.plist */ = {isa = PBXFileReference; lastKnownFileType = text.plist.xml; path = Info.plist; sourceTree = "<group>"; };
		5CFE95D523F011A300D398FF /* Country.swift */ = {isa = PBXFileReference; lastKnownFileType = sourcecode.swift; path = Country.swift; sourceTree = "<group>"; };
		5CFE95D723F0125C00D398FF /* CountryListViewModel.swift */ = {isa = PBXFileReference; lastKnownFileType = sourcecode.swift; path = CountryListViewModel.swift; sourceTree = "<group>"; };
		5CFE95DC23F0134B00D398FF /* CountryListRowView.swift */ = {isa = PBXFileReference; lastKnownFileType = sourcecode.swift; path = CountryListRowView.swift; sourceTree = "<group>"; };
		5CFE95DE23F0138C00D398FF /* CountryListRowViewModel.swift */ = {isa = PBXFileReference; lastKnownFileType = sourcecode.swift; path = CountryListRowViewModel.swift; sourceTree = "<group>"; };
		5CFE95E823F1FF1700D398FF /* API.swift */ = {isa = PBXFileReference; lastKnownFileType = sourcecode.swift; path = API.swift; sourceTree = "<group>"; };
		5CFE95EB23F1FFF400D398FF /* RestCountriesApi.swift */ = {isa = PBXFileReference; lastKnownFileType = sourcecode.swift; path = RestCountriesApi.swift; sourceTree = "<group>"; };
		5CFE95ED23F2016E00D398FF /* Networking.swift */ = {isa = PBXFileReference; lastKnownFileType = sourcecode.swift; path = Networking.swift; sourceTree = "<group>"; };
		5CFE95EF23F202AA00D398FF /* CountriesNetworker.swift */ = {isa = PBXFileReference; lastKnownFileType = sourcecode.swift; path = CountriesNetworker.swift; sourceTree = "<group>"; };
		5CFE95F323F333C700D398FF /* CountriesRepository.swift */ = {isa = PBXFileReference; lastKnownFileType = sourcecode.swift; path = CountriesRepository.swift; sourceTree = "<group>"; };
		5CFE95F523F34CC200D398FF /* CountriesWebRepository.swift */ = {isa = PBXFileReference; lastKnownFileType = sourcecode.swift; path = CountriesWebRepository.swift; sourceTree = "<group>"; };
		5CFE960B23F49B7300D398FF /* CountriesTests.xctest */ = {isa = PBXFileReference; explicitFileType = wrapper.cfbundle; includeInIndex = 0; path = CountriesTests.xctest; sourceTree = BUILT_PRODUCTS_DIR; };
		5CFE960F23F49B7300D398FF /* Info.plist */ = {isa = PBXFileReference; lastKnownFileType = text.plist.xml; path = Info.plist; sourceTree = "<group>"; };
		5CFE961523F49BCE00D398FF /* TestPlan.xctestplan */ = {isa = PBXFileReference; lastKnownFileType = text; path = TestPlan.xctestplan; sourceTree = "<group>"; };
		5CFE961823F49D6100D398FF /* URLProtocolMock.swift */ = {isa = PBXFileReference; lastKnownFileType = sourcecode.swift; path = URLProtocolMock.swift; sourceTree = "<group>"; };
		5CFE961C23F4A43400D398FF /* allCountries.json */ = {isa = PBXFileReference; lastKnownFileType = text.json; path = allCountries.json; sourceTree = "<group>"; };
/* End PBXFileReference section */

/* Begin PBXFrameworksBuildPhase section */
		5CFE95B723F00FCF00D398FF /* Frameworks */ = {
			isa = PBXFrameworksBuildPhase;
			buildActionMask = 2147483647;
			files = (
				5CA619F1240AC6330028A5EA /* RealmSwift in Frameworks */,
				5CA619EF240AC6330028A5EA /* Realm in Frameworks */,
			);
			runOnlyForDeploymentPostprocessing = 0;
		};
		5CFE960823F49B7300D398FF /* Frameworks */ = {
			isa = PBXFrameworksBuildPhase;
			buildActionMask = 2147483647;
			files = (
			);
			runOnlyForDeploymentPostprocessing = 0;
		};
/* End PBXFrameworksBuildPhase section */

/* Begin PBXGroup section */
		5C1B864823F98605003E7424 /* Helpers */ = {
			isa = PBXGroup;
			children = (
				5C1B864923F98622003E7424 /* NetworkingHelper.swift */,
			);
			path = Helpers;
			sourceTree = "<group>";
		};
		5C69E48023F9D69200363E1A /* Supporting Files */ = {
			isa = PBXGroup;
			children = (
				5CFE960F23F49B7300D398FF /* Info.plist */,
			);
			path = "Supporting Files";
			sourceTree = "<group>";
		};
		5C69E48523F9E3F700363E1A /* Helper Views */ = {
			isa = PBXGroup;
			children = (
				5C92E2AC23FF21D300844F26 /* FlagImage.swift */,
				5C36C5FE24018195002705A4 /* LoadingView.swift */,
				5CA619D624085A0D0028A5EA /* ErrorView.swift */,
			);
			path = "Helper Views";
			sourceTree = "<group>";
		};
		5C92E2A323FC772F00844F26 /* Flags */ = {
			isa = PBXGroup;
			children = (
				5C92E2A623FC797500844F26 /* FlagsNetworker.swift */,
				5C92E2A823FC7C4B00844F26 /* FlagsRepository.swift */,
				5C92E2AA23FC7C8400844F26 /* FlagsWebRepository.swift */,
			);
			path = Flags;
			sourceTree = "<group>";
		};
		5CA619D0240702690028A5EA /* Extensions */ = {
			isa = PBXGroup;
			children = (
				5CA619D1240702870028A5EA /* AnyTransition.swift */,
			);
			path = Extensions;
			sourceTree = "<group>";
		};
		5CA619D3240857300028A5EA /* Helpers */ = {
			isa = PBXGroup;
			children = (
				5CA619D42408574D0028A5EA /* StateMachine.swift */,
			);
			path = Helpers;
			sourceTree = "<group>";
		};
		5CF2A3C52404622D007F5D02 /* APIs */ = {
			isa = PBXGroup;
			children = (
				5CFE95EB23F1FFF400D398FF /* RestCountriesApi.swift */,
				5C92E2A423FC775200844F26 /* CountryFlagsApi.swift */,
			);
			path = APIs;
			sourceTree = "<group>";
		};
		5CFE95B123F00FCF00D398FF = {
			isa = PBXGroup;
			children = (
				5CFE95BC23F00FCF00D398FF /* Countries */,
				5CFE960C23F49B7300D398FF /* CountriesTests */,
				5CFE95BB23F00FCF00D398FF /* Products */,
			);
			sourceTree = "<group>";
		};
		5CFE95BB23F00FCF00D398FF /* Products */ = {
			isa = PBXGroup;
			children = (
				5CFE95BA23F00FCF00D398FF /* Countries.app */,
				5CFE960B23F49B7300D398FF /* CountriesTests.xctest */,
			);
			name = Products;
			sourceTree = "<group>";
		};
		5CFE95BC23F00FCF00D398FF /* Countries */ = {
			isa = PBXGroup;
			children = (
				5CFE95D123F0107100D398FF /* App */,
				5CFE95D423F0119600D398FF /* Data */,
				5CFE95D223F0108100D398FF /* Presentation */,
				5CA619D0240702690028A5EA /* Extensions */,
				5CA619D3240857300028A5EA /* Helpers */,
				5CFE95D323F010A000D398FF /* Supporting Files */,
			);
			path = Countries;
			sourceTree = "<group>";
		};
		5CFE95C523F00FD200D398FF /* Preview Content */ = {
			isa = PBXGroup;
			children = (
				5CFE95C623F00FD200D398FF /* Preview Assets.xcassets */,
			);
			path = "Preview Content";
			sourceTree = "<group>";
		};
		5CFE95D123F0107100D398FF /* App */ = {
			isa = PBXGroup;
			children = (
				5CFE95BD23F00FCF00D398FF /* AppDelegate.swift */,
				5CFE95BF23F00FCF00D398FF /* SceneDelegate.swift */,
			);
			path = App;
			sourceTree = "<group>";
		};
		5CFE95D223F0108100D398FF /* Presentation */ = {
			isa = PBXGroup;
			children = (
				5CFE95D923F0126C00D398FF /* CountryList */,
				5C69E48523F9E3F700363E1A /* Helper Views */,
			);
			path = Presentation;
			sourceTree = "<group>";
		};
		5CFE95D323F010A000D398FF /* Supporting Files */ = {
			isa = PBXGroup;
			children = (
				5CFE95C323F00FD200D398FF /* Assets.xcassets */,
				5CFE95C823F00FD200D398FF /* LaunchScreen.storyboard */,
				5CFE95CB23F00FD200D398FF /* Info.plist */,
				5CFE95C523F00FD200D398FF /* Preview Content */,
			);
			path = "Supporting Files";
			sourceTree = "<group>";
		};
		5CFE95D423F0119600D398FF /* Data */ = {
			isa = PBXGroup;
			children = (
				5CFE95E723F1FF0400D398FF /* Protocol */,
				5CFE95E123F0818F00D398FF /* Model */,
				5CF2A3C52404622D007F5D02 /* APIs */,
				5CFE95EA23F1FFE500D398FF /* Countries */,
				5C92E2A323FC772F00844F26 /* Flags */,
			);
			path = Data;
			sourceTree = "<group>";
		};
		5CFE95D923F0126C00D398FF /* CountryList */ = {
			isa = PBXGroup;
			children = (
				5CFE95DA23F0133000D398FF /* View */,
				5CFE95DB23F0133500D398FF /* ViewModel */,
			);
			path = CountryList;
			sourceTree = "<group>";
		};
		5CFE95DA23F0133000D398FF /* View */ = {
			isa = PBXGroup;
			children = (
				5CFE95C123F00FCF00D398FF /* CountryListView.swift */,
				5CFE95DC23F0134B00D398FF /* CountryListRowView.swift */,
			);
			path = View;
			sourceTree = "<group>";
		};
		5CFE95DB23F0133500D398FF /* ViewModel */ = {
			isa = PBXGroup;
			children = (
				5CFE95D723F0125C00D398FF /* CountryListViewModel.swift */,
				5CFE95DE23F0138C00D398FF /* CountryListRowViewModel.swift */,
			);
			path = ViewModel;
			sourceTree = "<group>";
		};
		5CFE95E123F0818F00D398FF /* Model */ = {
			isa = PBXGroup;
			children = (
				5CFE95D523F011A300D398FF /* Country.swift */,
			);
			path = Model;
			sourceTree = "<group>";
		};
		5CFE95E723F1FF0400D398FF /* Protocol */ = {
			isa = PBXGroup;
			children = (
				5CFE95E823F1FF1700D398FF /* API.swift */,
				5CFE95ED23F2016E00D398FF /* Networking.swift */,
			);
			path = Protocol;
			sourceTree = "<group>";
		};
		5CFE95EA23F1FFE500D398FF /* Countries */ = {
			isa = PBXGroup;
			children = (
				5CFE95EF23F202AA00D398FF /* CountriesNetworker.swift */,
				5CFE95F323F333C700D398FF /* CountriesRepository.swift */,
				5CFE95F523F34CC200D398FF /* CountriesWebRepository.swift */,
			);
			path = Countries;
			sourceTree = "<group>";
		};
		5CFE960C23F49B7300D398FF /* CountriesTests */ = {
			isa = PBXGroup;
			children = (
				5CFE961523F49BCE00D398FF /* TestPlan.xctestplan */,
				5C69E48323F9D83300363E1A /* CountryTests.swift */,
				5C92E2AE240086A500844F26 /* CountryFlagsUnitTests.swift */,
				5C1B864B23F9D298003E7424 /* RestCountriesUnitTests.swift */,
				5CFE961B23F4A40E00D398FF /* TestData */,
				5CFE961A23F49D6600D398FF /* Mocks */,
				5C1B864823F98605003E7424 /* Helpers */,
				5C69E48023F9D69200363E1A /* Supporting Files */,
			);
			path = CountriesTests;
			sourceTree = "<group>";
		};
		5CFE961A23F49D6600D398FF /* Mocks */ = {
			isa = PBXGroup;
			children = (
				5CFE961823F49D6100D398FF /* URLProtocolMock.swift */,
			);
			path = Mocks;
			sourceTree = "<group>";
		};
		5CFE961B23F4A40E00D398FF /* TestData */ = {
			isa = PBXGroup;
			children = (
				5CFE961C23F4A43400D398FF /* allCountries.json */,
				5C69E48123F9D70000363E1A /* oneCountry.json */,
			);
			path = TestData;
			sourceTree = "<group>";
		};
/* End PBXGroup section */

/* Begin PBXNativeTarget section */
		5CFE95B923F00FCF00D398FF /* Countries */ = {
			isa = PBXNativeTarget;
			buildConfigurationList = 5CFE95CE23F00FD200D398FF /* Build configuration list for PBXNativeTarget "Countries" */;
			buildPhases = (
				5CFE95B623F00FCF00D398FF /* Sources */,
				5CFE95B723F00FCF00D398FF /* Frameworks */,
				5CFE95B823F00FCF00D398FF /* Resources */,
			);
			buildRules = (
			);
			dependencies = (
			);
			name = Countries;
			packageProductDependencies = (
				5CA619EE240AC6330028A5EA /* Realm */,
				5CA619F0240AC6330028A5EA /* RealmSwift */,
			);
			productName = Countries;
			productReference = 5CFE95BA23F00FCF00D398FF /* Countries.app */;
			productType = "com.apple.product-type.application";
		};
		5CFE960A23F49B7300D398FF /* CountriesTests */ = {
			isa = PBXNativeTarget;
			buildConfigurationList = 5CFE961223F49B7300D398FF /* Build configuration list for PBXNativeTarget "CountriesTests" */;
			buildPhases = (
				5CFE960723F49B7300D398FF /* Sources */,
				5CFE960823F49B7300D398FF /* Frameworks */,
				5CFE960923F49B7300D398FF /* Resources */,
			);
			buildRules = (
			);
			dependencies = (
				5CFE961123F49B7300D398FF /* PBXTargetDependency */,
			);
			name = CountriesTests;
			productName = CountriesTests;
			productReference = 5CFE960B23F49B7300D398FF /* CountriesTests.xctest */;
			productType = "com.apple.product-type.bundle.unit-test";
		};
/* End PBXNativeTarget section */

/* Begin PBXProject section */
		5CFE95B223F00FCF00D398FF /* Project object */ = {
			isa = PBXProject;
			attributes = {
				LastSwiftUpdateCheck = 1130;
				LastUpgradeCheck = 1130;
				ORGANIZATIONNAME = "Gerrit Jan te Velde";
				TargetAttributes = {
					5CFE95B923F00FCF00D398FF = {
						CreatedOnToolsVersion = 11.3.1;
					};
					5CFE960A23F49B7300D398FF = {
						CreatedOnToolsVersion = 11.3.1;
						TestTargetID = 5CFE95B923F00FCF00D398FF;
					};
				};
			};
			buildConfigurationList = 5CFE95B523F00FCF00D398FF /* Build configuration list for PBXProject "Countries" */;
			compatibilityVersion = "Xcode 9.3";
			developmentRegion = en;
			hasScannedForEncodings = 0;
			knownRegions = (
				en,
				Base,
			);
			mainGroup = 5CFE95B123F00FCF00D398FF;
			packageReferences = (
				5CA619ED240AC6330028A5EA /* XCRemoteSwiftPackageReference "realm-cocoa" */,
			);
			productRefGroup = 5CFE95BB23F00FCF00D398FF /* Products */;
			projectDirPath = "";
			projectRoot = "";
			targets = (
				5CFE95B923F00FCF00D398FF /* Countries */,
				5CFE960A23F49B7300D398FF /* CountriesTests */,
			);
		};
/* End PBXProject section */

/* Begin PBXResourcesBuildPhase section */
		5CFE95B823F00FCF00D398FF /* Resources */ = {
			isa = PBXResourcesBuildPhase;
			buildActionMask = 2147483647;
			files = (
				5CFE95CA23F00FD200D398FF /* LaunchScreen.storyboard in Resources */,
				5CFE95C723F00FD200D398FF /* Preview Assets.xcassets in Resources */,
				5CFE95C423F00FD200D398FF /* Assets.xcassets in Resources */,
			);
			runOnlyForDeploymentPostprocessing = 0;
		};
		5CFE960923F49B7300D398FF /* Resources */ = {
			isa = PBXResourcesBuildPhase;
			buildActionMask = 2147483647;
			files = (
				5CFE961D23F4A43400D398FF /* allCountries.json in Resources */,
				5C69E48223F9D70100363E1A /* oneCountry.json in Resources */,
			);
			runOnlyForDeploymentPostprocessing = 0;
		};
/* End PBXResourcesBuildPhase section */

/* Begin PBXSourcesBuildPhase section */
		5CFE95B623F00FCF00D398FF /* Sources */ = {
			isa = PBXSourcesBuildPhase;
			buildActionMask = 2147483647;
			files = (
				5CFE95D623F011A300D398FF /* Country.swift in Sources */,
				5CFE95EE23F2016E00D398FF /* Networking.swift in Sources */,
				5CFE95D823F0125C00D398FF /* CountryListViewModel.swift in Sources */,
				5C92E2A523FC775200844F26 /* CountryFlagsApi.swift in Sources */,
				5CFE95F423F333C700D398FF /* CountriesRepository.swift in Sources */,
				5C92E2A723FC797500844F26 /* FlagsNetworker.swift in Sources */,
				5C92E2A923FC7C4B00844F26 /* FlagsRepository.swift in Sources */,
				5CFE95BE23F00FCF00D398FF /* AppDelegate.swift in Sources */,
				5CFE95F023F202AA00D398FF /* CountriesNetworker.swift in Sources */,
				5CA619D2240702870028A5EA /* AnyTransition.swift in Sources */,
				5CFE95C023F00FCF00D398FF /* SceneDelegate.swift in Sources */,
				5CFE95F623F34CC200D398FF /* CountriesWebRepository.swift in Sources */,
				5CFE95EC23F1FFF400D398FF /* RestCountriesApi.swift in Sources */,
				5C92E2AB23FC7C8400844F26 /* FlagsWebRepository.swift in Sources */,
				5CFE95DF23F0138C00D398FF /* CountryListRowViewModel.swift in Sources */,
				5CFE95DD23F0134B00D398FF /* CountryListRowView.swift in Sources */,
				5CFE95E923F1FF1700D398FF /* API.swift in Sources */,
				5CFE95C223F00FCF00D398FF /* CountryListView.swift in Sources */,
				5C36C5FF24018195002705A4 /* LoadingView.swift in Sources */,
				5CA619D52408574D0028A5EA /* StateMachine.swift in Sources */,
				5C92E2AD23FF21D300844F26 /* FlagImage.swift in Sources */,
				5CA619D724085A0D0028A5EA /* ErrorView.swift in Sources */,
			);
			runOnlyForDeploymentPostprocessing = 0;
		};
		5CFE960723F49B7300D398FF /* Sources */ = {
			isa = PBXSourcesBuildPhase;
			buildActionMask = 2147483647;
			files = (
				5C1B864A23F98622003E7424 /* NetworkingHelper.swift in Sources */,
				5CFE961923F49D6100D398FF /* URLProtocolMock.swift in Sources */,
				5C1B864C23F9D298003E7424 /* RestCountriesUnitTests.swift in Sources */,
				5C92E2AF240086A500844F26 /* CountryFlagsUnitTests.swift in Sources */,
				5C69E48423F9D83300363E1A /* CountryTests.swift in Sources */,
			);
			runOnlyForDeploymentPostprocessing = 0;
		};
/* End PBXSourcesBuildPhase section */

/* Begin PBXTargetDependency section */
		5CFE961123F49B7300D398FF /* PBXTargetDependency */ = {
			isa = PBXTargetDependency;
			target = 5CFE95B923F00FCF00D398FF /* Countries */;
			targetProxy = 5CFE961023F49B7300D398FF /* PBXContainerItemProxy */;
		};
/* End PBXTargetDependency section */

/* Begin PBXVariantGroup section */
		5CFE95C823F00FD200D398FF /* LaunchScreen.storyboard */ = {
			isa = PBXVariantGroup;
			children = (
				5CFE95C923F00FD200D398FF /* Base */,
			);
			name = LaunchScreen.storyboard;
			sourceTree = "<group>";
		};
/* End PBXVariantGroup section */

/* Begin XCBuildConfiguration section */
		5CFE95CC23F00FD200D398FF /* Debug */ = {
			isa = XCBuildConfiguration;
			buildSettings = {
				ALWAYS_SEARCH_USER_PATHS = NO;
				CLANG_ANALYZER_NONNULL = YES;
				CLANG_ANALYZER_NUMBER_OBJECT_CONVERSION = YES_AGGRESSIVE;
				CLANG_CXX_LANGUAGE_STANDARD = "gnu++14";
				CLANG_CXX_LIBRARY = "libc++";
				CLANG_ENABLE_MODULES = YES;
				CLANG_ENABLE_OBJC_ARC = YES;
				CLANG_ENABLE_OBJC_WEAK = YES;
				CLANG_WARN_BLOCK_CAPTURE_AUTORELEASING = YES;
				CLANG_WARN_BOOL_CONVERSION = YES;
				CLANG_WARN_COMMA = YES;
				CLANG_WARN_CONSTANT_CONVERSION = YES;
				CLANG_WARN_DEPRECATED_OBJC_IMPLEMENTATIONS = YES;
				CLANG_WARN_DIRECT_OBJC_ISA_USAGE = YES_ERROR;
				CLANG_WARN_DOCUMENTATION_COMMENTS = YES;
				CLANG_WARN_EMPTY_BODY = YES;
				CLANG_WARN_ENUM_CONVERSION = YES;
				CLANG_WARN_INFINITE_RECURSION = YES;
				CLANG_WARN_INT_CONVERSION = YES;
				CLANG_WARN_NON_LITERAL_NULL_CONVERSION = YES;
				CLANG_WARN_OBJC_IMPLICIT_RETAIN_SELF = YES;
				CLANG_WARN_OBJC_LITERAL_CONVERSION = YES;
				CLANG_WARN_OBJC_ROOT_CLASS = YES_ERROR;
				CLANG_WARN_RANGE_LOOP_ANALYSIS = YES;
				CLANG_WARN_STRICT_PROTOTYPES = YES;
				CLANG_WARN_SUSPICIOUS_MOVE = YES;
				CLANG_WARN_UNGUARDED_AVAILABILITY = YES_AGGRESSIVE;
				CLANG_WARN_UNREACHABLE_CODE = YES;
				CLANG_WARN__DUPLICATE_METHOD_MATCH = YES;
				COPY_PHASE_STRIP = NO;
				DEBUG_INFORMATION_FORMAT = dwarf;
				ENABLE_STRICT_OBJC_MSGSEND = YES;
				ENABLE_TESTABILITY = YES;
				GCC_C_LANGUAGE_STANDARD = gnu11;
				GCC_DYNAMIC_NO_PIC = NO;
				GCC_NO_COMMON_BLOCKS = YES;
				GCC_OPTIMIZATION_LEVEL = 0;
				GCC_PREPROCESSOR_DEFINITIONS = (
					"DEBUG=1",
					"$(inherited)",
				);
				GCC_WARN_64_TO_32_BIT_CONVERSION = YES;
				GCC_WARN_ABOUT_RETURN_TYPE = YES_ERROR;
				GCC_WARN_UNDECLARED_SELECTOR = YES;
				GCC_WARN_UNINITIALIZED_AUTOS = YES_AGGRESSIVE;
				GCC_WARN_UNUSED_FUNCTION = YES;
				GCC_WARN_UNUSED_VARIABLE = YES;
				IPHONEOS_DEPLOYMENT_TARGET = 13.2;
				MTL_ENABLE_DEBUG_INFO = INCLUDE_SOURCE;
				MTL_FAST_MATH = YES;
				ONLY_ACTIVE_ARCH = YES;
				SDKROOT = iphoneos;
				SWIFT_ACTIVE_COMPILATION_CONDITIONS = DEBUG;
				SWIFT_OPTIMIZATION_LEVEL = "-Onone";
			};
			name = Debug;
		};
		5CFE95CD23F00FD200D398FF /* Release */ = {
			isa = XCBuildConfiguration;
			buildSettings = {
				ALWAYS_SEARCH_USER_PATHS = NO;
				CLANG_ANALYZER_NONNULL = YES;
				CLANG_ANALYZER_NUMBER_OBJECT_CONVERSION = YES_AGGRESSIVE;
				CLANG_CXX_LANGUAGE_STANDARD = "gnu++14";
				CLANG_CXX_LIBRARY = "libc++";
				CLANG_ENABLE_MODULES = YES;
				CLANG_ENABLE_OBJC_ARC = YES;
				CLANG_ENABLE_OBJC_WEAK = YES;
				CLANG_WARN_BLOCK_CAPTURE_AUTORELEASING = YES;
				CLANG_WARN_BOOL_CONVERSION = YES;
				CLANG_WARN_COMMA = YES;
				CLANG_WARN_CONSTANT_CONVERSION = YES;
				CLANG_WARN_DEPRECATED_OBJC_IMPLEMENTATIONS = YES;
				CLANG_WARN_DIRECT_OBJC_ISA_USAGE = YES_ERROR;
				CLANG_WARN_DOCUMENTATION_COMMENTS = YES;
				CLANG_WARN_EMPTY_BODY = YES;
				CLANG_WARN_ENUM_CONVERSION = YES;
				CLANG_WARN_INFINITE_RECURSION = YES;
				CLANG_WARN_INT_CONVERSION = YES;
				CLANG_WARN_NON_LITERAL_NULL_CONVERSION = YES;
				CLANG_WARN_OBJC_IMPLICIT_RETAIN_SELF = YES;
				CLANG_WARN_OBJC_LITERAL_CONVERSION = YES;
				CLANG_WARN_OBJC_ROOT_CLASS = YES_ERROR;
				CLANG_WARN_RANGE_LOOP_ANALYSIS = YES;
				CLANG_WARN_STRICT_PROTOTYPES = YES;
				CLANG_WARN_SUSPICIOUS_MOVE = YES;
				CLANG_WARN_UNGUARDED_AVAILABILITY = YES_AGGRESSIVE;
				CLANG_WARN_UNREACHABLE_CODE = YES;
				CLANG_WARN__DUPLICATE_METHOD_MATCH = YES;
				COPY_PHASE_STRIP = NO;
				DEBUG_INFORMATION_FORMAT = "dwarf-with-dsym";
				ENABLE_NS_ASSERTIONS = NO;
				ENABLE_STRICT_OBJC_MSGSEND = YES;
				GCC_C_LANGUAGE_STANDARD = gnu11;
				GCC_NO_COMMON_BLOCKS = YES;
				GCC_WARN_64_TO_32_BIT_CONVERSION = YES;
				GCC_WARN_ABOUT_RETURN_TYPE = YES_ERROR;
				GCC_WARN_UNDECLARED_SELECTOR = YES;
				GCC_WARN_UNINITIALIZED_AUTOS = YES_AGGRESSIVE;
				GCC_WARN_UNUSED_FUNCTION = YES;
				GCC_WARN_UNUSED_VARIABLE = YES;
				IPHONEOS_DEPLOYMENT_TARGET = 13.2;
				MTL_ENABLE_DEBUG_INFO = NO;
				MTL_FAST_MATH = YES;
				SDKROOT = iphoneos;
				SWIFT_COMPILATION_MODE = wholemodule;
				SWIFT_OPTIMIZATION_LEVEL = "-O";
				VALIDATE_PRODUCT = YES;
			};
			name = Release;
		};
		5CFE95CF23F00FD200D398FF /* Debug */ = {
			isa = XCBuildConfiguration;
			buildSettings = {
				ASSETCATALOG_COMPILER_APPICON_NAME = AppIcon;
				CODE_SIGN_STYLE = Automatic;
				DEVELOPMENT_ASSET_PATHS = "\"Countries/Supporting Files/Preview Content\"";
				DEVELOPMENT_TEAM = ZGNJ8Z375R;
				ENABLE_PREVIEWS = YES;
				INFOPLIST_FILE = "Countries/Supporting Files/Info.plist";
				LD_RUNPATH_SEARCH_PATHS = (
					"$(inherited)",
					"@executable_path/Frameworks",
				);
				PRODUCT_BUNDLE_IDENTIFIER = com.gerjantevelde.Countries;
				PRODUCT_NAME = "$(TARGET_NAME)";
				SWIFT_VERSION = 5.0;
				TARGETED_DEVICE_FAMILY = "1,2";
			};
			name = Debug;
		};
		5CFE95D023F00FD200D398FF /* Release */ = {
			isa = XCBuildConfiguration;
			buildSettings = {
				ASSETCATALOG_COMPILER_APPICON_NAME = AppIcon;
				CODE_SIGN_STYLE = Automatic;
				DEVELOPMENT_ASSET_PATHS = "\"Countries/Supporting Files/Preview Content\"";
				DEVELOPMENT_TEAM = ZGNJ8Z375R;
				ENABLE_PREVIEWS = YES;
				INFOPLIST_FILE = "Countries/Supporting Files/Info.plist";
				LD_RUNPATH_SEARCH_PATHS = (
					"$(inherited)",
					"@executable_path/Frameworks",
				);
				PRODUCT_BUNDLE_IDENTIFIER = com.gerjantevelde.Countries;
				PRODUCT_NAME = "$(TARGET_NAME)";
				SWIFT_VERSION = 5.0;
				TARGETED_DEVICE_FAMILY = "1,2";
			};
			name = Release;
		};
		5CFE961323F49B7300D398FF /* Debug */ = {
			isa = XCBuildConfiguration;
			buildSettings = {
				BUNDLE_LOADER = "$(TEST_HOST)";
				CODE_SIGN_STYLE = Automatic;
				DEVELOPMENT_TEAM = ZGNJ8Z375R;
				INFOPLIST_FILE = "CountriesTests/Supporting Files/Info.plist";
				LD_RUNPATH_SEARCH_PATHS = (
					"$(inherited)",
					"@executable_path/Frameworks",
					"@loader_path/Frameworks",
				);
				PRODUCT_BUNDLE_IDENTIFIER = com.gerjantevelde.CountriesTests;
				PRODUCT_NAME = "$(TARGET_NAME)";
				SWIFT_VERSION = 5.0;
				TARGETED_DEVICE_FAMILY = "1,2";
				TEST_HOST = "$(BUILT_PRODUCTS_DIR)/Countries.app/Countries";
			};
			name = Debug;
		};
		5CFE961423F49B7300D398FF /* Release */ = {
			isa = XCBuildConfiguration;
			buildSettings = {
				BUNDLE_LOADER = "$(TEST_HOST)";
				CODE_SIGN_STYLE = Automatic;
				DEVELOPMENT_TEAM = ZGNJ8Z375R;
				INFOPLIST_FILE = "CountriesTests/Supporting Files/Info.plist";
				LD_RUNPATH_SEARCH_PATHS = (
					"$(inherited)",
					"@executable_path/Frameworks",
					"@loader_path/Frameworks",
				);
				PRODUCT_BUNDLE_IDENTIFIER = com.gerjantevelde.CountriesTests;
				PRODUCT_NAME = "$(TARGET_NAME)";
				SWIFT_VERSION = 5.0;
				TARGETED_DEVICE_FAMILY = "1,2";
				TEST_HOST = "$(BUILT_PRODUCTS_DIR)/Countries.app/Countries";
			};
			name = Release;
		};
/* End XCBuildConfiguration section */

/* Begin XCConfigurationList section */
		5CFE95B523F00FCF00D398FF /* Build configuration list for PBXProject "Countries" */ = {
			isa = XCConfigurationList;
			buildConfigurations = (
				5CFE95CC23F00FD200D398FF /* Debug */,
				5CFE95CD23F00FD200D398FF /* Release */,
			);
			defaultConfigurationIsVisible = 0;
			defaultConfigurationName = Release;
		};
		5CFE95CE23F00FD200D398FF /* Build configuration list for PBXNativeTarget "Countries" */ = {
			isa = XCConfigurationList;
			buildConfigurations = (
				5CFE95CF23F00FD200D398FF /* Debug */,
				5CFE95D023F00FD200D398FF /* Release */,
			);
			defaultConfigurationIsVisible = 0;
			defaultConfigurationName = Release;
		};
		5CFE961223F49B7300D398FF /* Build configuration list for PBXNativeTarget "CountriesTests" */ = {
			isa = XCConfigurationList;
			buildConfigurations = (
				5CFE961323F49B7300D398FF /* Debug */,
				5CFE961423F49B7300D398FF /* Release */,
			);
			defaultConfigurationIsVisible = 0;
			defaultConfigurationName = Release;
		};
/* End XCConfigurationList section */

/* Begin XCRemoteSwiftPackageReference section */
		5CA619ED240AC6330028A5EA /* XCRemoteSwiftPackageReference "realm-cocoa" */ = {
			isa = XCRemoteSwiftPackageReference;
			repositoryURL = "https://github.com/realm/realm-cocoa.git";
			requirement = {
				kind = upToNextMajorVersion;
				minimumVersion = 4.3.2;
			};
		};
/* End XCRemoteSwiftPackageReference section */

/* Begin XCSwiftPackageProductDependency section */
		5CA619EE240AC6330028A5EA /* Realm */ = {
			isa = XCSwiftPackageProductDependency;
			package = 5CA619ED240AC6330028A5EA /* XCRemoteSwiftPackageReference "realm-cocoa" */;
			productName = Realm;
		};
		5CA619F0240AC6330028A5EA /* RealmSwift */ = {
			isa = XCSwiftPackageProductDependency;
			package = 5CA619ED240AC6330028A5EA /* XCRemoteSwiftPackageReference "realm-cocoa" */;
			productName = RealmSwift;
		};
/* End XCSwiftPackageProductDependency section */
	};
	rootObject = 5CFE95B223F00FCF00D398FF /* Project object */;
}
